
Microsoft Visual Studio Solution File, Format Version 12.00
# Visual Studio Version 16
VisualStudioVersion = 16.0.30711.63
MinimumVisualStudioVersion = 10.0.40219.1
Project("{FAE04EC0-301F-11D3-BF4B-00C04F79EFBC}") = "CollectionViewBug3.UWP", "CollectionViewBug3\CollectionViewBug3.UWP\CollectionViewBug3.UWP.csproj", "{FF351C5A-916A-41B1-B637-F424E4E10915}"
EndProject
Project("{FAE04EC0-301F-11D3-BF4B-00C04F79EFBC}") = "CollectionViewBug3.Android", "CollectionViewBug3\CollectionViewBug3.Android\CollectionViewBug3.Android.csproj", "{44C677A1-D965-4626-9B72-2A3544B12D74}"
EndProject
Project("{FAE04EC0-301F-11D3-BF4B-00C04F79EFBC}") = "CollectionViewBug3.iOS", "CollectionViewBug3\CollectionViewBug3.iOS\CollectionViewBug3.iOS.csproj", "{74EE55D9-3352-4FCD-9407-5B5F0F0F7301}"
EndProject
Project("{FAE04EC0-301F-11D3-BF4B-00C04F79EFBC}") = "CollectionViewBug3", "CollectionViewBug3\CollectionViewBug3\CollectionViewBug3.csproj", "{C3E7BDA8-0F7D-49E1-996A-0F2A392D0556}"
EndProject
Global
	GlobalSection(SolutionConfigurationPlatforms) = preSolution
		Debug|Any CPU = Debug|Any CPU
		Debug|ARM = Debug|ARM
		Debug|iPhone = Debug|iPhone
		Debug|iPhoneSimulator = Debug|iPhoneSimulator
		Debug|x64 = Debug|x64
		Debug|x86 = Debug|x86
		Release|Any CPU = Release|Any CPU
		Release|ARM = Release|ARM
		Release|iPhone = Release|iPhone
		Release|iPhoneSimulator = Release|iPhoneSimulator
		Release|x64 = Release|x64
		Release|x86 = Release|x86
	EndGlobalSection
	GlobalSection(ProjectConfigurationPlatforms) = postSolution
		{FF351C5A-916A-41B1-B637-F424E4E10915}.Debug|Any CPU.ActiveCfg = Debug|x86
		{FF351C5A-916A-41B1-B637-F424E4E10915}.Debug|Any CPU.Build.0 = Debug|x86
		{FF351C5A-916A-41B1-B637-F424E4E10915}.Debug|Any CPU.Deploy.0 = Debug|x86
		{FF351C5A-916A-41B1-B637-F424E4E10915}.Debug|ARM.ActiveCfg = Debug|ARM
		{FF351C5A-916A-41B1-B637-F424E4E10915}.Debug|ARM.Build.0 = Debug|ARM
		{FF351C5A-916A-41B1-B637-F424E4E10915}.Debug|ARM.Deploy.0 = Debug|ARM
		{FF351C5A-916A-41B1-B637-F424E4E10915}.Debug|iPhone.ActiveCfg = Debug|x86
		{FF351C5A-916A-41B1-B637-F424E4E10915}.Debug|iPhone.Build.0 = Debug|x86
		{FF351C5A-916A-41B1-B637-F424E4E10915}.Debug|iPhone.Deploy.0 = Debug|x86
		{FF351C5A-916A-41B1-B637-F424E4E10915}.Debug|iPhoneSimulator.ActiveCfg = Debug|x86
		{FF351C5A-916A-41B1-B637-F424E4E10915}.Debug|iPhoneSimulator.Build.0 = Debug|x86
		{FF351C5A-916A-41B1-B637-F424E4E10915}.Debug|iPhoneSimulator.Deploy.0 = Debug|x86
		{FF351C5A-916A-41B1-B637-F424E4E10915}.Debug|x64.ActiveCfg = Debug|x64
		{FF351C5A-916A-41B1-B637-F424E4E10915}.Debug|x64.Build.0 = Debug|x64
		{FF351C5A-916A-41B1-B637-F424E4E10915}.Debug|x64.Deploy.0 = Debug|x64
		{FF351C5A-916A-41B1-B637-F424E4E10915}.Debug|x86.ActiveCfg = Debug|x86
		{FF351C5A-916A-41B1-B637-F424E4E10915}.Debug|x86.Build.0 = Debug|x86
		{FF351C5A-916A-41B1-B637-F424E4E10915}.Debug|x86.Deploy.0 = Debug|x86
		{FF351C5A-916A-41B1-B637-F424E4E10915}.Release|Any CPU.ActiveCfg = Release|x86
		{FF351C5A-916A-41B1-B637-F424E4E10915}.Release|Any CPU.Build.0 = Release|x86
		{FF351C5A-916A-41B1-B637-F424E4E10915}.Release|Any CPU.Deploy.0 = Release|x86
		{FF351C5A-916A-41B1-B637-F424E4E10915}.Release|ARM.ActiveCfg = Release|ARM
		{FF351C5A-916A-41B1-B637-F424E4E10915}.Release|ARM.Build.0 = Release|ARM
		{FF351C5A-916A-41B1-B637-F424E4E10915}.Release|ARM.Deploy.0 = Release|ARM
		{FF351C5A-916A-41B1-B637-F424E4E10915}.Release|iPhone.ActiveCfg = Release|x86
		{FF351C5A-916A-41B1-B637-F424E4E10915}.Release|iPhone.Build.0 = Release|x86
		{FF351C5A-916A-41B1-B637-F424E4E10915}.Release|iPhone.Deploy.0 = Release|x86
		{FF351C5A-916A-41B1-B637-F424E4E10915}.Release|iPhoneSimulator.ActiveCfg = Release|x86
		{FF351C5A-916A-41B1-B637-F424E4E10915}.Release|iPhoneSimulator.Build.0 = Release|x86
		{FF351C5A-916A-41B1-B637-F424E4E10915}.Release|iPhoneSimulator.Deploy.0 = Release|x86
		{FF351C5A-916A-41B1-B637-F424E4E10915}.Release|x64.ActiveCfg = Release|x64
		{FF351C5A-916A-41B1-B637-F424E4E10915}.Release|x64.Build.0 = Release|x64
		{FF351C5A-916A-41B1-B637-F424E4E10915}.Release|x64.Deploy.0 = Release|x64
		{FF351C5A-916A-41B1-B637-F424E4E10915}.Release|x86.ActiveCfg = Release|x86
		{FF351C5A-916A-41B1-B637-F424E4E10915}.Release|x86.Build.0 = Release|x86
		{FF351C5A-916A-41B1-B637-F424E4E10915}.Release|x86.Deploy.0 = Release|x86
		{44C677A1-D965-4626-9B72-2A3544B12D74}.Debug|Any CPU.ActiveCfg = Debug|Any CPU
		{44C677A1-D965-4626-9B72-2A3544B12D74}.Debug|Any CPU.Build.0 = Debug|Any CPU
		{44C677A1-D965-4626-9B72-2A3544B12D74}.Debug|Any CPU.Deploy.0 = Debug|Any CPU
		{44C677A1-D965-4626-9B72-2A3544B12D74}.Debug|ARM.ActiveCfg = Debug|Any CPU
		{44C677A1-D965-4626-9B72-2A3544B12D74}.Debug|ARM.Build.0 = Debug|Any CPU
		{44C677A1-D965-4626-9B72-2A3544B12D74}.Debug|ARM.Deploy.0 = Debug|Any CPU
		{44C677A1-D965-4626-9B72-2A3544B12D74}.Debug|iPhone.ActiveCfg = Debug|Any CPU
		{44C677A1-D965-4626-9B72-2A3544B12D74}.Debug|iPhone.Build.0 = Debug|Any CPU
		{44C677A1-D965-4626-9B72-2A3544B12D74}.Debug|iPhone.Deploy.0 = Debug|Any CPU
		{44C677A1-D965-4626-9B72-2A3544B12D74}.Debug|iPhoneSimulator.ActiveCfg = Debug|Any CPU
		{44C677A1-D965-4626-9B72-2A3544B12D74}.Debug|iPhoneSimulator.Build.0 = Debug|Any CPU
		{44C677A1-D965-4626-9B72-2A3544B12D74}.Debug|iPhoneSimulator.Deploy.0 = Debug|Any CPU
		{44C677A1-D965-4626-9B72-2A3544B12D74}.Debug|x64.ActiveCfg = Debug|Any CPU
		{44C677A1-D965-4626-9B72-2A3544B12D74}.Debug|x64.Build.0 = Debug|Any CPU
		{44C677A1-D965-4626-9B72-2A3544B12D74}.Debug|x64.Deploy.0 = Debug|Any CPU
		{44C677A1-D965-4626-9B72-2A3544B12D74}.Debug|x86.ActiveCfg = Debug|Any CPU
		{44C677A1-D965-4626-9B72-2A3544B12D74}.Debug|x86.Build.0 = Debug|Any CPU
		{44C677A1-D965-4626-9B72-2A3544B12D74}.Debug|x86.Deploy.0 = Debug|Any CPU
		{44C677A1-D965-4626-9B72-2A3544B12D74}.Release|Any CPU.ActiveCfg = Release|Any CPU
		{44C677A1-D965-4626-9B72-2A3544B12D74}.Release|Any CPU.Build.0 = Release|Any CPU
		{44C677A1-D965-4626-9B72-2A3544B12D74}.Release|Any CPU.Deploy.0 = Release|Any CPU
		{44C677A1-D965-4626-9B72-2A3544B12D74}.Release|ARM.ActiveCfg = Release|Any CPU
		{44C677A1-D965-4626-9B72-2A3544B12D74}.Release|ARM.Build.0 = Release|Any CPU
		{44C677A1-D965-4626-9B72-2A3544B12D74}.Release|ARM.Deploy.0 = Release|Any CPU
		{44C677A1-D965-4626-9B72-2A3544B12D74}.Release|iPhone.ActiveCfg = Release|Any CPU
		{44C677A1-D965-4626-9B72-2A3544B12D74}.Release|iPhone.Build.0 = Release|Any CPU
		{44C677A1-D965-4626-9B72-2A3544B12D74}.Release|iPhone.Deploy.0 = Release|Any CPU
		{44C677A1-D965-4626-9B72-2A3544B12D74}.Release|iPhoneSimulator.ActiveCfg = Release|Any CPU
		{44C677A1-D965-4626-9B72-2A3544B12D74}.Release|iPhoneSimulator.Build.0 = Release|Any CPU
		{44C677A1-D965-4626-9B72-2A3544B12D74}.Release|iPhoneSimulator.Deploy.0 = Release|Any CPU
		{44C677A1-D965-4626-9B72-2A3544B12D74}.Release|x64.ActiveCfg = Release|Any CPU
		{44C677A1-D965-4626-9B72-2A3544B12D74}.Release|x64.Build.0 = Release|Any CPU
		{44C677A1-D965-4626-9B72-2A3544B12D74}.Release|x64.Deploy.0 = Release|Any CPU
		{44C677A1-D965-4626-9B72-2A3544B12D74}.Release|x86.ActiveCfg = Release|Any CPU
		{44C677A1-D965-4626-9B72-2A3544B12D74}.Release|x86.Build.0 = Release|Any CPU
		{44C677A1-D965-4626-9B72-2A3544B12D74}.Release|x86.Deploy.0 = Release|Any CPU
		{74EE55D9-3352-4FCD-9407-5B5F0F0F7301}.Debug|Any CPU.ActiveCfg = Debug|iPhoneSimulator
		{74EE55D9-3352-4FCD-9407-5B5F0F0F7301}.Debug|Any CPU.Build.0 = Debug|iPhoneSimulator
		{74EE55D9-3352-4FCD-9407-5B5F0F0F7301}.Debug|Any CPU.Deploy.0 = Debug|iPhoneSimulator
		{74EE55D9-3352-4FCD-9407-5B5F0F0F7301}.Debug|ARM.ActiveCfg = Debug|iPhone
		{74EE55D9-3352-4FCD-9407-5B5F0F0F7301}.Debug|ARM.Build.0 = Debug|iPhone
		{74EE55D9-3352-4FCD-9407-5B5F0F0F7301}.Debug|ARM.Deploy.0 = Debug|iPhone
		{74EE55D9-3352-4FCD-9407-5B5F0F0F7301}.Debug|iPhone.ActiveCfg = Debug|iPhone
		{74EE55D9-3352-4FCD-9407-5B5F0F0F7301}.Debug|iPhone.Build.0 = Debug|iPhone
		{74EE55D9-3352-4FCD-9407-5B5F0F0F7301}.Debug|iPhone.Deploy.0 = Debug|iPhone
		{74EE55D9-3352-4FCD-9407-5B5F0F0F7301}.Debug|iPhoneSimulator.ActiveCfg = Debug|iPhoneSimulator
		{74EE55D9-3352-4FCD-9407-5B5F0F0F7301}.Debug|iPhoneSimulator.Build.0 = Debug|iPhoneSimulator
		{74EE55D9-3352-4FCD-9407-5B5F0F0F7301}.Debug|iPhoneSimulator.Deploy.0 = Debug|iPhoneSimulator
		{74EE55D9-3352-4FCD-9407-5B5F0F0F7301}.Debug|x64.ActiveCfg = Debug|iPhoneSimulator
		{74EE55D9-3352-4FCD-9407-5B5F0F0F7301}.Debug|x64.Build.0 = Debug|iPhoneSimulator
		{74EE55D9-3352-4FCD-9407-5B5F0F0F7301}.Debug|x64.Deploy.0 = Debug|iPhoneSimulator
		{74EE55D9-3352-4FCD-9407-5B5F0F0F7301}.Debug|x86.ActiveCfg = Debug|iPhoneSimulator
		{74EE55D9-3352-4FCD-9407-5B5F0F0F7301}.Debug|x86.Build.0 = Debug|iPhoneSimulator
		{74EE55D9-3352-4FCD-9407-5B5F0F0F7301}.Debug|x86.Deploy.0 = Debug|iPhoneSimulator
		{74EE55D9-3352-4FCD-9407-5B5F0F0F7301}.Release|Any CPU.ActiveCfg = Release|iPhoneSimulator
		{74EE55D9-3352-4FCD-9407-5B5F0F0F7301}.Release|Any CPU.Build.0 = Release|iPhoneSimulator
		{74EE55D9-3352-4FCD-9407-5B5F0F0F7301}.Release|Any CPU.Deploy.0 = Release|iPhoneSimulator
		{74EE55D9-3352-4FCD-9407-5B5F0F0F7301}.Release|ARM.ActiveCfg = Release|iPhoneSimulator
		{74EE55D9-3352-4FCD-9407-5B5F0F0F7301}.Release|ARM.Build.0 = Release|iPhoneSimulator
		{74EE55D9-3352-4FCD-9407-5B5F0F0F7301}.Release|ARM.Deploy.0 = Release|iPhoneSimulator
		{74EE55D9-3352-4FCD-9407-5B5F0F0F7301}.Release|iPhone.ActiveCfg = Release|iPhone
		{74EE55D9-3352-4FCD-9407-5B5F0F0F7301}.Release|iPhone.Build.0 = Release|iPhone
		{74EE55D9-3352-4FCD-9407-5B5F0F0F7301}.Release|iPhone.Deploy.0 = Release|iPhone
		{74EE55D9-3352-4FCD-9407-5B5F0F0F7301}.Release|iPhoneSimulator.ActiveCfg = Release|iPhoneSimulator
		{74EE55D9-3352-4FCD-9407-5B5F0F0F7301}.Release|iPhoneSimulator.Build.0 = Release|iPhoneSimulator
		{74EE55D9-3352-4FCD-9407-5B5F0F0F7301}.Release|iPhoneSimulator.Deploy.0 = Release|iPhoneSimulator
		{74EE55D9-3352-4FCD-9407-5B5F0F0F7301}.Release|x64.ActiveCfg = Release|iPhoneSimulator
		{74EE55D9-3352-4FCD-9407-5B5F0F0F7301}.Release|x64.Build.0 = Release|iPhoneSimulator
		{74EE55D9-3352-4FCD-9407-5B5F0F0F7301}.Release|x64.Deploy.0 = Release|iPhoneSimulator
		{74EE55D9-3352-4FCD-9407-5B5F0F0F7301}.Release|x86.ActiveCfg = Release|iPhoneSimulator
		{74EE55D9-3352-4FCD-9407-5B5F0F0F7301}.Release|x86.Build.0 = Release|iPhoneSimulator
		{74EE55D9-3352-4FCD-9407-5B5F0F0F7301}.Release|x86.Deploy.0 = Release|iPhoneSimulator
		{C3E7BDA8-0F7D-49E1-996A-0F2A392D0556}.Debug|Any CPU.ActiveCfg = Debug|Any CPU
		{C3E7BDA8-0F7D-49E1-996A-0F2A392D0556}.Debug|Any CPU.Build.0 = Debug|Any CPU
		{C3E7BDA8-0F7D-49E1-996A-0F2A392D0556}.Debug|Any CPU.Deploy.0 = Debug|Any CPU
		{C3E7BDA8-0F7D-49E1-996A-0F2A392D0556}.Debug|ARM.ActiveCfg = Debug|Any CPU
		{C3E7BDA8-0F7D-49E1-996A-0F2A392D0556}.Debug|ARM.Build.0 = Debug|Any CPU
		{C3E7BDA8-0F7D-49E1-996A-0F2A392D0556}.Debug|ARM.Deploy.0 = Debug|Any CPU
		{C3E7BDA8-0F7D-49E1-996A-0F2A392D0556}.Debug|iPhone.ActiveCfg = Debug|Any CPU
		{C3E7BDA8-0F7D-49E1-996A-0F2A392D0556}.Debug|iPhone.Build.0 = Debug|Any CPU
		{C3E7BDA8-0F7D-49E1-996A-0F2A392D0556}.Debug|iPhone.Deploy.0 = Debug|Any CPU
		{C3E7BDA8-0F7D-49E1-996A-0F2A392D0556}.Debug|iPhoneSimulator.ActiveCfg = Debug|Any CPU
		{C3E7BDA8-0F7D-49E1-996A-0F2A392D0556}.Debug|iPhoneSimulator.Build.0 = Debug|Any CPU
		{C3E7BDA8-0F7D-49E1-996A-0F2A392D0556}.Debug|iPhoneSimulator.Deploy.0 = Debug|Any CPU
		{C3E7BDA8-0F7D-49E1-996A-0F2A392D0556}.Debug|x64.ActiveCfg = Debug|Any CPU
		{C3E7BDA8-0F7D-49E1-996A-0F2A392D0556}.Debug|x64.Build.0 = Debug|Any CPU
		{C3E7BDA8-0F7D-49E1-996A-0F2A392D0556}.Debug|x64.Deploy.0 = Debug|Any CPU
		{C3E7BDA8-0F7D-49E1-996A-0F2A392D0556}.Debug|x86.ActiveCfg = Debug|Any CPU
		{C3E7BDA8-0F7D-49E1-996A-0F2A392D0556}.Debug|x86.Build.0 = Debug|Any CPU
		{C3E7BDA8-0F7D-49E1-996A-0F2A392D0556}.Debug|x86.Deploy.0 = Debug|Any CPU
		{C3E7BDA8-0F7D-49E1-996A-0F2A392D0556}.Release|Any CPU.ActiveCfg = Release|Any CPU
		{C3E7BDA8-0F7D-49E1-996A-0F2A392D0556}.Release|Any CPU.Build.0 = Release|Any CPU
		{C3E7BDA8-0F7D-49E1-996A-0F2A392D0556}.Release|Any CPU.Deploy.0 = Release|Any CPU
		{C3E7BDA8-0F7D-49E1-996A-0F2A392D0556}.Release|ARM.ActiveCfg = Release|Any CPU
		{C3E7BDA8-0F7D-49E1-996A-0F2A392D0556}.Release|ARM.Build.0 = Release|Any CPU
		{C3E7BDA8-0F7D-49E1-996A-0F2A392D0556}.Release|ARM.Deploy.0 = Release|Any CPU
		{C3E7BDA8-0F7D-49E1-996A-0F2A392D0556}.Release|iPhone.ActiveCfg = Release|Any CPU
		{C3E7BDA8-0F7D-49E1-996A-0F2A392D0556}.Release|iPhone.Build.0 = Release|Any CPU
		{C3E7BDA8-0F7D-49E1-996A-0F2A392D0556}.Release|iPhone.Deploy.0 = Release|Any CPU
		{C3E7BDA8-0F7D-49E1-996A-0F2A392D0556}.Release|iPhoneSimulator.ActiveCfg = Release|Any CPU
		{C3E7BDA8-0F7D-49E1-996A-0F2A392D0556}.Release|iPhoneSimulator.Build.0 = Release|Any CPU
		{C3E7BDA8-0F7D-49E1-996A-0F2A392D0556}.Release|iPhoneSimulator.Deploy.0 = Release|Any CPU
		{C3E7BDA8-0F7D-49E1-996A-0F2A392D0556}.Release|x64.ActiveCfg = Release|Any CPU
		{C3E7BDA8-0F7D-49E1-996A-0F2A392D0556}.Release|x64.Build.0 = Release|Any CPU
		{C3E7BDA8-0F7D-49E1-996A-0F2A392D0556}.Release|x64.Deploy.0 = Release|Any CPU
		{C3E7BDA8-0F7D-49E1-996A-0F2A392D0556}.Release|x86.ActiveCfg = Release|Any CPU
		{C3E7BDA8-0F7D-49E1-996A-0F2A392D0556}.Release|x86.Build.0 = Release|Any CPU
		{C3E7BDA8-0F7D-49E1-996A-0F2A392D0556}.Release|x86.Deploy.0 = Release|Any CPU
	EndGlobalSection
	GlobalSection(SolutionProperties) = preSolution
		HideSolutionNode = FALSE
	EndGlobalSection
	GlobalSection(ExtensibilityGlobals) = postSolution
		SolutionGuid = {8BC13415-7F2A-4E0B-8DCE-7E640888F1D4}
	EndGlobalSection
EndGlobal
